// !$*UTF8*$!
{
	archiveVersion = 1;
	classes = {
	};
	objectVersion = 46;
	objects = {

/* Begin PBXBuildFile section */
		780583101614E2DA00751685 /* Day.m in Sources */ = {isa = PBXBuildFile; fileRef = 7805830F1614E2DA00751685 /* Day.m */; };
		780583131614E34200751685 /* AbsenceType.m in Sources */ = {isa = PBXBuildFile; fileRef = 780583121614E34200751685 /* AbsenceType.m */; };
		7805831916155AE300751685 /* ConfirmationViewController.m in Sources */ = {isa = PBXBuildFile; fileRef = 7805831716155AE200751685 /* ConfirmationViewController.m */; };
		7805831A16155AE300751685 /* ConfirmationViewController.xib in Resources */ = {isa = PBXBuildFile; fileRef = 7805831816155AE300751685 /* ConfirmationViewController.xib */; };
		780583261616B9FC00751685 /* AbsenceViewController.m in Sources */ = {isa = PBXBuildFile; fileRef = 780583241616B9F100751685 /* AbsenceViewController.m */; };
		780583271616B9FC00751685 /* AbsenceViewController.xib in Resources */ = {isa = PBXBuildFile; fileRef = 780583251616B9F200751685 /* AbsenceViewController.xib */; };
		7805832B1616BB0A00751685 /* EditAbsenceTableViewController.m in Sources */ = {isa = PBXBuildFile; fileRef = 780583291616BB0700751685 /* EditAbsenceTableViewController.m */; };
		7805832C1616BB0A00751685 /* EditAbsenceTableViewController.xib in Resources */ = {isa = PBXBuildFile; fileRef = 7805832A1616BB0700751685 /* EditAbsenceTableViewController.xib */; };
		78C9867A1610FE5D00A2F770 /* UIKit.framework in Frameworks */ = {isa = PBXBuildFile; fileRef = 78C986791610FE5D00A2F770 /* UIKit.framework */; };
		78C9867C1610FE5D00A2F770 /* Foundation.framework in Frameworks */ = {isa = PBXBuildFile; fileRef = 78C9867B1610FE5D00A2F770 /* Foundation.framework */; };
		78C986821610FE5D00A2F770 /* InfoPlist.strings in Resources */ = {isa = PBXBuildFile; fileRef = 78C986801610FE5D00A2F770 /* InfoPlist.strings */; };
		78C986841610FE5D00A2F770 /* main.m in Sources */ = {isa = PBXBuildFile; fileRef = 78C986831610FE5D00A2F770 /* main.m */; };
		78C986881610FE5D00A2F770 /* AppDelegate.m in Sources */ = {isa = PBXBuildFile; fileRef = 78C986871610FE5D00A2F770 /* AppDelegate.m */; };
		78C9868B1610FE5D00A2F770 /* MasterViewController.m in Sources */ = {isa = PBXBuildFile; fileRef = 78C9868A1610FE5D00A2F770 /* MasterViewController.m */; };
		78C986911610FE5D00A2F770 /* MasterViewController.xib in Resources */ = {isa = PBXBuildFile; fileRef = 78C9868F1610FE5D00A2F770 /* MasterViewController.xib */; };
		78C986E31613E00B00A2F770 /* LoginViewController.m in Sources */ = {isa = PBXBuildFile; fileRef = 78C986E11613E00A00A2F770 /* LoginViewController.m */; };
		78C986E41613E00B00A2F770 /* LoginViewController.xib in Resources */ = {isa = PBXBuildFile; fileRef = 78C986E21613E00B00A2F770 /* LoginViewController.xib */; };
		78C986EA1613EF7900A2F770 /* LDAPService.m in Sources */ = {isa = PBXBuildFile; fileRef = 78C986E91613EF7900A2F770 /* LDAPService.m */; };
		78C99F2C16149DF200A2F770 /* MainViewController.m in Sources */ = {isa = PBXBuildFile; fileRef = 78C99F2A16149DF200A2F770 /* MainViewController.m */; };
		78C99F2D16149DF200A2F770 /* MainViewController.xib in Resources */ = {isa = PBXBuildFile; fileRef = 78C99F2B16149DF200A2F770 /* MainViewController.xib */; };
		78C99F2F1614D0E800A2F770 /* Icon.png in Resources */ = {isa = PBXBuildFile; fileRef = 78C99F2E1614D0E800A2F770 /* Icon.png */; };
		78C99F311614D0ED00A2F770 /* Icon@2x.png in Resources */ = {isa = PBXBuildFile; fileRef = 78C99F301614D0ED00A2F770 /* Icon@2x.png */; };
		78C99F331614D77500A2F770 /* Default.png in Resources */ = {isa = PBXBuildFile; fileRef = 78C99F321614D77400A2F770 /* Default.png */; };
		78C99F371614DB5000A2F770 /* TimesheetViewController.m in Sources */ = {isa = PBXBuildFile; fileRef = 78C99F351614DB4F00A2F770 /* TimesheetViewController.m */; };
		78C99F381614DB5100A2F770 /* TimesheetViewController.xib in Resources */ = {isa = PBXBuildFile; fileRef = 78C99F361614DB5000A2F770 /* TimesheetViewController.xib */; };
		78C99F3C1614DBD300A2F770 /* WeekOneTableViewController.m in Sources */ = {isa = PBXBuildFile; fileRef = 78C99F3A1614DBD200A2F770 /* WeekOneTableViewController.m */; };
		78C99F3D1614DBD300A2F770 /* WeekOneTableViewController.xib in Resources */ = {isa = PBXBuildFile; fileRef = 78C99F3B1614DBD300A2F770 /* WeekOneTableViewController.xib */; };
		78C99F451614DF8400A2F770 /* Timesheet.m in Sources */ = {isa = PBXBuildFile; fileRef = 78C99F441614DF8400A2F770 /* Timesheet.m */; };
		F6A7C6E8161951AA006BC440 /* AbsenceTypeTableViewController.m in Sources */ = {isa = PBXBuildFile; fileRef = F6A7C6E6161951AA006BC440 /* AbsenceTypeTableViewController.m */; };
		F6A7C6E9161951AA006BC440 /* AbsenceTypeTableViewController.xib in Resources */ = {isa = PBXBuildFile; fileRef = F6A7C6E7161951AA006BC440 /* AbsenceTypeTableViewController.xib */; };
		F6A7C73A161B4D69006BC440 /* Default@2x.png in Resources */ = {isa = PBXBuildFile; fileRef = F6A7C739161B4D69006BC440 /* Default@2x.png */; };
		F6A7C73C161B4D76006BC440 /* Default-568h@2x.png in Resources */ = {isa = PBXBuildFile; fileRef = F6A7C73B161B4D76006BC440 /* Default-568h@2x.png */; };
		F6A7C73E161B4DA3006BC440 /* MEDICAL-COLLEGE-BLACK.png in Resources */ = {isa = PBXBuildFile; fileRef = F6A7C73D161B4DA3006BC440 /* MEDICAL-COLLEGE-BLACK.png */; };
		F6A7C742161B51CC006BC440 /* AbsenceSummaryViewController.m in Sources */ = {isa = PBXBuildFile; fileRef = F6A7C740161B51CB006BC440 /* AbsenceSummaryViewController.m */; };
		F6A7C743161B51CC006BC440 /* AbsenceSummaryViewController.xib in Resources */ = {isa = PBXBuildFile; fileRef = F6A7C741161B51CB006BC440 /* AbsenceSummaryViewController.xib */; };
		F6A7C748161BB786006BC440 /* AbsenceSummaryMainController.m in Sources */ = {isa = PBXBuildFile; fileRef = F6A7C746161BB785006BC440 /* AbsenceSummaryMainController.m */; };
		F6A7C749161BB786006BC440 /* AbsenceSummaryMainController.xib in Resources */ = {isa = PBXBuildFile; fileRef = F6A7C747161BB785006BC440 /* AbsenceSummaryMainController.xib */; };
/* End PBXBuildFile section */

/* Begin PBXFileReference section */
		7805830E1614E2DA00751685 /* Day.h */ = {isa = PBXFileReference; fileEncoding = 4; lastKnownFileType = sourcecode.c.h; path = Day.h; sourceTree = "<group>"; };
		7805830F1614E2DA00751685 /* Day.m */ = {isa = PBXFileReference; fileEncoding = 4; lastKnownFileType = sourcecode.c.objc; path = Day.m; sourceTree = "<group>"; };
		780583111614E34200751685 /* AbsenceType.h */ = {isa = PBXFileReference; fileEncoding = 4; lastKnownFileType = sourcecode.c.h; path = AbsenceType.h; sourceTree = "<group>"; };
		780583121614E34200751685 /* AbsenceType.m */ = {isa = PBXFileReference; fileEncoding = 4; lastKnownFileType = sourcecode.c.objc; path = AbsenceType.m; sourceTree = "<group>"; };
		7805831616155AE200751685 /* ConfirmationViewController.h */ = {isa = PBXFileReference; fileEncoding = 4; lastKnownFileType = sourcecode.c.h; path = ConfirmationViewController.h; sourceTree = "<group>"; };
		7805831716155AE200751685 /* ConfirmationViewController.m */ = {isa = PBXFileReference; fileEncoding = 4; lastKnownFileType = sourcecode.c.objc; path = ConfirmationViewController.m; sourceTree = "<group>"; };
		7805831816155AE300751685 /* ConfirmationViewController.xib */ = {isa = PBXFileReference; fileEncoding = 4; lastKnownFileType = file.xib; path = ConfirmationViewController.xib; sourceTree = "<group>"; };
		780583231616B9ED00751685 /* AbsenceViewController.h */ = {isa = PBXFileReference; fileEncoding = 4; lastKnownFileType = sourcecode.c.h; path = AbsenceViewController.h; sourceTree = "<group>"; };
		780583241616B9F100751685 /* AbsenceViewController.m */ = {isa = PBXFileReference; fileEncoding = 4; lastKnownFileType = sourcecode.c.objc; path = AbsenceViewController.m; sourceTree = "<group>"; };
		780583251616B9F200751685 /* AbsenceViewController.xib */ = {isa = PBXFileReference; fileEncoding = 4; lastKnownFileType = file.xib; path = AbsenceViewController.xib; sourceTree = "<group>"; };
		780583281616BB0600751685 /* EditAbsenceTableViewController.h */ = {isa = PBXFileReference; fileEncoding = 4; lastKnownFileType = sourcecode.c.h; path = EditAbsenceTableViewController.h; sourceTree = "<group>"; };
		780583291616BB0700751685 /* EditAbsenceTableViewController.m */ = {isa = PBXFileReference; fileEncoding = 4; lastKnownFileType = sourcecode.c.objc; path = EditAbsenceTableViewController.m; sourceTree = "<group>"; };
		7805832A1616BB0700751685 /* EditAbsenceTableViewController.xib */ = {isa = PBXFileReference; fileEncoding = 4; lastKnownFileType = file.xib; path = EditAbsenceTableViewController.xib; sourceTree = "<group>"; };
		780583311617CF5800751685 /* WeekTableViewDelegate.h */ = {isa = PBXFileReference; fileEncoding = 4; lastKnownFileType = sourcecode.c.h; path = WeekTableViewDelegate.h; sourceTree = "<group>"; };
		78C986751610FE5D00A2F770 /* Time Tracking.app */ = {isa = PBXFileReference; explicitFileType = wrapper.application; includeInIndex = 0; path = "Time Tracking.app"; sourceTree = BUILT_PRODUCTS_DIR; };
		78C986791610FE5D00A2F770 /* UIKit.framework */ = {isa = PBXFileReference; lastKnownFileType = wrapper.framework; name = UIKit.framework; path = System/Library/Frameworks/UIKit.framework; sourceTree = SDKROOT; };
		78C9867B1610FE5D00A2F770 /* Foundation.framework */ = {isa = PBXFileReference; lastKnownFileType = wrapper.framework; name = Foundation.framework; path = System/Library/Frameworks/Foundation.framework; sourceTree = SDKROOT; };
		78C9867F1610FE5D00A2F770 /* Exempt Timesheet-Info.plist */ = {isa = PBXFileReference; lastKnownFileType = text.plist.xml; path = "Exempt Timesheet-Info.plist"; sourceTree = "<group>"; };
		78C986811610FE5D00A2F770 /* en */ = {isa = PBXFileReference; lastKnownFileType = text.plist.strings; name = en; path = en.lproj/InfoPlist.strings; sourceTree = "<group>"; };
		78C986831610FE5D00A2F770 /* main.m */ = {isa = PBXFileReference; lastKnownFileType = sourcecode.c.objc; path = main.m; sourceTree = "<group>"; };
		78C986851610FE5D00A2F770 /* Exempt Timesheet-Prefix.pch */ = {isa = PBXFileReference; lastKnownFileType = sourcecode.c.h; path = "Exempt Timesheet-Prefix.pch"; sourceTree = "<group>"; };
		78C986861610FE5D00A2F770 /* AppDelegate.h */ = {isa = PBXFileReference; lastKnownFileType = sourcecode.c.h; path = AppDelegate.h; sourceTree = "<group>"; };
		78C986871610FE5D00A2F770 /* AppDelegate.m */ = {isa = PBXFileReference; lastKnownFileType = sourcecode.c.objc; path = AppDelegate.m; sourceTree = "<group>"; };
		78C986891610FE5D00A2F770 /* MasterViewController.h */ = {isa = PBXFileReference; lastKnownFileType = sourcecode.c.h; path = MasterViewController.h; sourceTree = "<group>"; };
		78C9868A1610FE5D00A2F770 /* MasterViewController.m */ = {isa = PBXFileReference; lastKnownFileType = sourcecode.c.objc; path = MasterViewController.m; sourceTree = "<group>"; };
		78C986901610FE5D00A2F770 /* en */ = {isa = PBXFileReference; lastKnownFileType = file.xib; name = en; path = en.lproj/MasterViewController.xib; sourceTree = "<group>"; };
		78C986E01613E00A00A2F770 /* LoginViewController.h */ = {isa = PBXFileReference; fileEncoding = 4; lastKnownFileType = sourcecode.c.h; path = LoginViewController.h; sourceTree = "<group>"; };
		78C986E11613E00A00A2F770 /* LoginViewController.m */ = {isa = PBXFileReference; fileEncoding = 4; lastKnownFileType = sourcecode.c.objc; path = LoginViewController.m; sourceTree = "<group>"; };
		78C986E21613E00B00A2F770 /* LoginViewController.xib */ = {isa = PBXFileReference; fileEncoding = 4; lastKnownFileType = file.xib; path = LoginViewController.xib; sourceTree = "<group>"; };
		78C986E81613EF7900A2F770 /* LDAPService.h */ = {isa = PBXFileReference; fileEncoding = 4; lastKnownFileType = sourcecode.c.h; path = LDAPService.h; sourceTree = "<group>"; };
		78C986E91613EF7900A2F770 /* LDAPService.m */ = {isa = PBXFileReference; fileEncoding = 4; lastKnownFileType = sourcecode.c.objc; path = LDAPService.m; sourceTree = "<group>"; };
		78C99F2916149DF200A2F770 /* MainViewController.h */ = {isa = PBXFileReference; fileEncoding = 4; lastKnownFileType = sourcecode.c.h; path = MainViewController.h; sourceTree = "<group>"; };
		78C99F2A16149DF200A2F770 /* MainViewController.m */ = {isa = PBXFileReference; fileEncoding = 4; lastKnownFileType = sourcecode.c.objc; path = MainViewController.m; sourceTree = "<group>"; };
		78C99F2B16149DF200A2F770 /* MainViewController.xib */ = {isa = PBXFileReference; fileEncoding = 4; lastKnownFileType = file.xib; path = MainViewController.xib; sourceTree = "<group>"; };
		78C99F2E1614D0E800A2F770 /* Icon.png */ = {isa = PBXFileReference; lastKnownFileType = image.png; path = Icon.png; sourceTree = "<group>"; };
		78C99F301614D0ED00A2F770 /* Icon@2x.png */ = {isa = PBXFileReference; lastKnownFileType = image.png; path = "Icon@2x.png"; sourceTree = "<group>"; };
		78C99F321614D77400A2F770 /* Default.png */ = {isa = PBXFileReference; lastKnownFileType = image.png; path = Default.png; sourceTree = "<group>"; };
		78C99F341614DB4F00A2F770 /* TimesheetViewController.h */ = {isa = PBXFileReference; fileEncoding = 4; lastKnownFileType = sourcecode.c.h; path = TimesheetViewController.h; sourceTree = "<group>"; };
		78C99F351614DB4F00A2F770 /* TimesheetViewController.m */ = {isa = PBXFileReference; fileEncoding = 4; lastKnownFileType = sourcecode.c.objc; path = TimesheetViewController.m; sourceTree = "<group>"; };
		78C99F361614DB5000A2F770 /* TimesheetViewController.xib */ = {isa = PBXFileReference; fileEncoding = 4; lastKnownFileType = file.xib; path = TimesheetViewController.xib; sourceTree = "<group>"; };
		78C99F391614DBD200A2F770 /* WeekOneTableViewController.h */ = {isa = PBXFileReference; fileEncoding = 4; lastKnownFileType = sourcecode.c.h; path = WeekOneTableViewController.h; sourceTree = "<group>"; };
		78C99F3A1614DBD200A2F770 /* WeekOneTableViewController.m */ = {isa = PBXFileReference; fileEncoding = 4; lastKnownFileType = sourcecode.c.objc; path = WeekOneTableViewController.m; sourceTree = "<group>"; };
		78C99F3B1614DBD300A2F770 /* WeekOneTableViewController.xib */ = {isa = PBXFileReference; fileEncoding = 4; lastKnownFileType = file.xib; path = WeekOneTableViewController.xib; sourceTree = "<group>"; };
		78C99F431614DF8400A2F770 /* Timesheet.h */ = {isa = PBXFileReference; fileEncoding = 4; lastKnownFileType = sourcecode.c.h; path = Timesheet.h; sourceTree = "<group>"; };
		78C99F441614DF8400A2F770 /* Timesheet.m */ = {isa = PBXFileReference; fileEncoding = 4; lastKnownFileType = sourcecode.c.objc; path = Timesheet.m; sourceTree = "<group>"; };
		F6A7C6E5161951AA006BC440 /* AbsenceTypeTableViewController.h */ = {isa = PBXFileReference; fileEncoding = 4; lastKnownFileType = sourcecode.c.h; path = AbsenceTypeTableViewController.h; sourceTree = "<group>"; };
		F6A7C6E6161951AA006BC440 /* AbsenceTypeTableViewController.m */ = {isa = PBXFileReference; fileEncoding = 4; lastKnownFileType = sourcecode.c.objc; path = AbsenceTypeTableViewController.m; sourceTree = "<group>"; };
		F6A7C6E7161951AA006BC440 /* AbsenceTypeTableViewController.xib */ = {isa = PBXFileReference; fileEncoding = 4; lastKnownFileType = file.xib; path = AbsenceTypeTableViewController.xib; sourceTree = "<group>"; };
		F6A7C6EB16195486006BC440 /* AbsenceTypeTableDelegate.h */ = {isa = PBXFileReference; fileEncoding = 4; lastKnownFileType = sourcecode.c.h; path = AbsenceTypeTableDelegate.h; sourceTree = "<group>"; };
		F6A7C6EC16195727006BC440 /* EditAbsenceTableDelegate.h */ = {isa = PBXFileReference; fileEncoding = 4; lastKnownFileType = sourcecode.c.h; path = EditAbsenceTableDelegate.h; sourceTree = "<group>"; };
		F6A7C72E161A45DA006BC440 /* AbsenceViewControllerDelegate.h */ = {isa = PBXFileReference; fileEncoding = 4; lastKnownFileType = sourcecode.c.h; path = AbsenceViewControllerDelegate.h; sourceTree = "<group>"; };
		F6A7C739161B4D69006BC440 /* Default@2x.png */ = {isa = PBXFileReference; lastKnownFileType = image.png; path = "Default@2x.png"; sourceTree = "<group>"; };
		F6A7C73B161B4D76006BC440 /* Default-568h@2x.png */ = {isa = PBXFileReference; lastKnownFileType = image.png; path = "Default-568h@2x.png"; sourceTree = "<group>"; };
		F6A7C73D161B4DA3006BC440 /* MEDICAL-COLLEGE-BLACK.png */ = {isa = PBXFileReference; lastKnownFileType = image.png; path = "MEDICAL-COLLEGE-BLACK.png"; sourceTree = "<group>"; };
		F6A7C73F161B51CA006BC440 /* AbsenceSummaryViewController.h */ = {isa = PBXFileReference; fileEncoding = 4; lastKnownFileType = sourcecode.c.h; path = AbsenceSummaryViewController.h; sourceTree = "<group>"; };
		F6A7C740161B51CB006BC440 /* AbsenceSummaryViewController.m */ = {isa = PBXFileReference; fileEncoding = 4; lastKnownFileType = sourcecode.c.objc; path = AbsenceSummaryViewController.m; sourceTree = "<group>"; };
		F6A7C741161B51CB006BC440 /* AbsenceSummaryViewController.xib */ = {isa = PBXFileReference; fileEncoding = 4; lastKnownFileType = file.xib; path = AbsenceSummaryViewController.xib; sourceTree = "<group>"; };
		F6A7C744161B9EC2006BC440 /* AbsenceSummaryDelegate.h */ = {isa = PBXFileReference; fileEncoding = 4; lastKnownFileType = sourcecode.c.h; path = AbsenceSummaryDelegate.h; sourceTree = "<group>"; };
		F6A7C745161BB784006BC440 /* AbsenceSummaryMainController.h */ = {isa = PBXFileReference; fileEncoding = 4; lastKnownFileType = sourcecode.c.h; path = AbsenceSummaryMainController.h; sourceTree = "<group>"; };
		F6A7C746161BB785006BC440 /* AbsenceSummaryMainController.m */ = {isa = PBXFileReference; fileEncoding = 4; lastKnownFileType = sourcecode.c.objc; path = AbsenceSummaryMainController.m; sourceTree = "<group>"; };
		F6A7C747161BB785006BC440 /* AbsenceSummaryMainController.xib */ = {isa = PBXFileReference; fileEncoding = 4; lastKnownFileType = file.xib; path = AbsenceSummaryMainController.xib; sourceTree = "<group>"; };
		F6A7C788161BF28F006BC440 /* MasterViewDelegate.h */ = {isa = PBXFileReference; fileEncoding = 4; lastKnownFileType = sourcecode.c.h; path = MasterViewDelegate.h; sourceTree = "<group>"; };
/* End PBXFileReference section */

/* Begin PBXFrameworksBuildPhase section */
		78C986721610FE5D00A2F770 /* Frameworks */ = {
			isa = PBXFrameworksBuildPhase;
			buildActionMask = 2147483647;
			files = (
				78C9867A1610FE5D00A2F770 /* UIKit.framework in Frameworks */,
				78C9867C1610FE5D00A2F770 /* Foundation.framework in Frameworks */,
			);
			runOnlyForDeploymentPostprocessing = 0;
		};
/* End PBXFrameworksBuildPhase section */

/* Begin PBXGroup section */
		78C9866A1610FE5D00A2F770 = {
			isa = PBXGroup;
			children = (
				F6A7C73B161B4D76006BC440 /* Default-568h@2x.png */,
				F6A7C739161B4D69006BC440 /* Default@2x.png */,
				78C99F321614D77400A2F770 /* Default.png */,
				78C99F301614D0ED00A2F770 /* Icon@2x.png */,
				78C99F2E1614D0E800A2F770 /* Icon.png */,
				78C9867D1610FE5D00A2F770 /* Exempt Timesheet */,
				78C986781610FE5D00A2F770 /* Frameworks */,
				78C986761610FE5D00A2F770 /* Products */,
			);
			sourceTree = "<group>";
		};
		78C986761610FE5D00A2F770 /* Products */ = {
			isa = PBXGroup;
			children = (
				78C986751610FE5D00A2F770 /* Time Tracking.app */,
			);
			name = Products;
			sourceTree = "<group>";
		};
		78C986781610FE5D00A2F770 /* Frameworks */ = {
			isa = PBXGroup;
			children = (
				78C986791610FE5D00A2F770 /* UIKit.framework */,
				78C9867B1610FE5D00A2F770 /* Foundation.framework */,
			);
			name = Frameworks;
			sourceTree = "<group>";
		};
		78C9867D1610FE5D00A2F770 /* Exempt Timesheet */ = {
			isa = PBXGroup;
			children = (
				78C986E51613E04100A2F770 /* images */,
				78C986861610FE5D00A2F770 /* AppDelegate.h */,
				78C986871610FE5D00A2F770 /* AppDelegate.m */,
				78C986E01613E00A00A2F770 /* LoginViewController.h */,
				78C986E11613E00A00A2F770 /* LoginViewController.m */,
				78C986E21613E00B00A2F770 /* LoginViewController.xib */,
				78C99F2916149DF200A2F770 /* MainViewController.h */,
				78C99F2A16149DF200A2F770 /* MainViewController.m */,
				78C99F2B16149DF200A2F770 /* MainViewController.xib */,
				78C99F341614DB4F00A2F770 /* TimesheetViewController.h */,
				78C99F351614DB4F00A2F770 /* TimesheetViewController.m */,
				78C99F361614DB5000A2F770 /* TimesheetViewController.xib */,
				780583311617CF5800751685 /* WeekTableViewDelegate.h */,
				78C99F391614DBD200A2F770 /* WeekOneTableViewController.h */,
				78C99F3A1614DBD200A2F770 /* WeekOneTableViewController.m */,
				78C99F3B1614DBD300A2F770 /* WeekOneTableViewController.xib */,
				F6A7C72E161A45DA006BC440 /* AbsenceViewControllerDelegate.h */,
				780583231616B9ED00751685 /* AbsenceViewController.h */,
				780583241616B9F100751685 /* AbsenceViewController.m */,
				780583251616B9F200751685 /* AbsenceViewController.xib */,
				F6A7C744161B9EC2006BC440 /* AbsenceSummaryDelegate.h */,
				F6A7C745161BB784006BC440 /* AbsenceSummaryMainController.h */,
				F6A7C746161BB785006BC440 /* AbsenceSummaryMainController.m */,
				F6A7C747161BB785006BC440 /* AbsenceSummaryMainController.xib */,
				F6A7C73F161B51CA006BC440 /* AbsenceSummaryViewController.h */,
				F6A7C740161B51CB006BC440 /* AbsenceSummaryViewController.m */,
				F6A7C741161B51CB006BC440 /* AbsenceSummaryViewController.xib */,
				F6A7C6EC16195727006BC440 /* EditAbsenceTableDelegate.h */,
				780583281616BB0600751685 /* EditAbsenceTableViewController.h */,
				780583291616BB0700751685 /* EditAbsenceTableViewController.m */,
				7805832A1616BB0700751685 /* EditAbsenceTableViewController.xib */,
				F6A7C6EB16195486006BC440 /* AbsenceTypeTableDelegate.h */,
				F6A7C6E5161951AA006BC440 /* AbsenceTypeTableViewController.h */,
				F6A7C6E6161951AA006BC440 /* AbsenceTypeTableViewController.m */,
				F6A7C6E7161951AA006BC440 /* AbsenceTypeTableViewController.xib */,
				7805831616155AE200751685 /* ConfirmationViewController.h */,
				7805831716155AE200751685 /* ConfirmationViewController.m */,
				7805831816155AE300751685 /* ConfirmationViewController.xib */,
				F6A7C788161BF28F006BC440 /* MasterViewDelegate.h */,
				78C986891610FE5D00A2F770 /* MasterViewController.h */,
				78C9868A1610FE5D00A2F770 /* MasterViewController.m */,
				78C9868F1610FE5D00A2F770 /* MasterViewController.xib */,
				78C99F431614DF8400A2F770 /* Timesheet.h */,
				78C99F441614DF8400A2F770 /* Timesheet.m */,
				7805830E1614E2DA00751685 /* Day.h */,
				7805830F1614E2DA00751685 /* Day.m */,
				780583111614E34200751685 /* AbsenceType.h */,
				780583121614E34200751685 /* AbsenceType.m */,
				78C986E81613EF7900A2F770 /* LDAPService.h */,
				78C986E91613EF7900A2F770 /* LDAPService.m */,
				78C9867E1610FE5D00A2F770 /* Supporting Files */,
			);
			path = "Exempt Timesheet";
			sourceTree = "<group>";
		};
		78C9867E1610FE5D00A2F770 /* Supporting Files */ = {
			isa = PBXGroup;
			children = (
				78C9867F1610FE5D00A2F770 /* Exempt Timesheet-Info.plist */,
				78C986801610FE5D00A2F770 /* InfoPlist.strings */,
				78C986831610FE5D00A2F770 /* main.m */,
				78C986851610FE5D00A2F770 /* Exempt Timesheet-Prefix.pch */,
			);
			name = "Supporting Files";
			sourceTree = "<group>";
		};
		78C986E51613E04100A2F770 /* images */ = {
			isa = PBXGroup;
			children = (
				F6A7C73D161B4DA3006BC440 /* MEDICAL-COLLEGE-BLACK.png */,
			);
			name = images;
			sourceTree = "<group>";
		};
/* End PBXGroup section */

/* Begin PBXNativeTarget section */
		78C986741610FE5D00A2F770 /* Exempt Timesheet */ = {
			isa = PBXNativeTarget;
			buildConfigurationList = 78C986971610FE5D00A2F770 /* Build configuration list for PBXNativeTarget "Exempt Timesheet" */;
			buildPhases = (
				78C986711610FE5D00A2F770 /* Sources */,
				78C986721610FE5D00A2F770 /* Frameworks */,
				78C986731610FE5D00A2F770 /* Resources */,
			);
			buildRules = (
			);
			dependencies = (
			);
			name = "Exempt Timesheet";
			productName = "Exempt Timesheet";
			productReference = 78C986751610FE5D00A2F770 /* Time Tracking.app */;
			productType = "com.apple.product-type.application";
		};
/* End PBXNativeTarget section */

/* Begin PBXProject section */
		78C9866C1610FE5D00A2F770 /* Project object */ = {
			isa = PBXProject;
			attributes = {
				LastUpgradeCheck = 0420;
			};
			buildConfigurationList = 78C9866F1610FE5D00A2F770 /* Build configuration list for PBXProject "Exempt Timesheet" */;
			compatibilityVersion = "Xcode 3.2";
			developmentRegion = English;
			hasScannedForEncodings = 0;
			knownRegions = (
				en,
			);
			mainGroup = 78C9866A1610FE5D00A2F770;
			productRefGroup = 78C986761610FE5D00A2F770 /* Products */;
			projectDirPath = "";
			projectRoot = "";
			targets = (
				78C986741610FE5D00A2F770 /* Exempt Timesheet */,
			);
		};
/* End PBXProject section */

/* Begin PBXResourcesBuildPhase section */
		78C986731610FE5D00A2F770 /* Resources */ = {
			isa = PBXResourcesBuildPhase;
			buildActionMask = 2147483647;
			files = (
				78C986821610FE5D00A2F770 /* InfoPlist.strings in Resources */,
				78C986911610FE5D00A2F770 /* MasterViewController.xib in Resources */,
				78C986E41613E00B00A2F770 /* LoginViewController.xib in Resources */,
				78C99F2D16149DF200A2F770 /* MainViewController.xib in Resources */,
				78C99F2F1614D0E800A2F770 /* Icon.png in Resources */,
				78C99F311614D0ED00A2F770 /* Icon@2x.png in Resources */,
				78C99F331614D77500A2F770 /* Default.png in Resources */,
				78C99F381614DB5100A2F770 /* TimesheetViewController.xib in Resources */,
				78C99F3D1614DBD300A2F770 /* WeekOneTableViewController.xib in Resources */,
				7805831A16155AE300751685 /* ConfirmationViewController.xib in Resources */,
				780583271616B9FC00751685 /* AbsenceViewController.xib in Resources */,
				7805832C1616BB0A00751685 /* EditAbsenceTableViewController.xib in Resources */,
				F6A7C6E9161951AA006BC440 /* AbsenceTypeTableViewController.xib in Resources */,
				F6A7C73A161B4D69006BC440 /* Default@2x.png in Resources */,
				F6A7C73C161B4D76006BC440 /* Default-568h@2x.png in Resources */,
				F6A7C73E161B4DA3006BC440 /* MEDICAL-COLLEGE-BLACK.png in Resources */,
				F6A7C743161B51CC006BC440 /* AbsenceSummaryViewController.xib in Resources */,
				F6A7C749161BB786006BC440 /* AbsenceSummaryMainController.xib in Resources */,
			);
			runOnlyForDeploymentPostprocessing = 0;
		};
/* End PBXResourcesBuildPhase section */

/* Begin PBXSourcesBuildPhase section */
		78C986711610FE5D00A2F770 /* Sources */ = {
			isa = PBXSourcesBuildPhase;
			buildActionMask = 2147483647;
			files = (
				78C986841610FE5D00A2F770 /* main.m in Sources */,
				78C986881610FE5D00A2F770 /* AppDelegate.m in Sources */,
				78C9868B1610FE5D00A2F770 /* MasterViewController.m in Sources */,
				78C986E31613E00B00A2F770 /* LoginViewController.m in Sources */,
				78C986EA1613EF7900A2F770 /* LDAPService.m in Sources */,
				78C99F2C16149DF200A2F770 /* MainViewController.m in Sources */,
				78C99F371614DB5000A2F770 /* TimesheetViewController.m in Sources */,
				78C99F3C1614DBD300A2F770 /* WeekOneTableViewController.m in Sources */,
				78C99F451614DF8400A2F770 /* Timesheet.m in Sources */,
				780583101614E2DA00751685 /* Day.m in Sources */,
				780583131614E34200751685 /* AbsenceType.m in Sources */,
				7805831916155AE300751685 /* ConfirmationViewController.m in Sources */,
				780583261616B9FC00751685 /* AbsenceViewController.m in Sources */,
				7805832B1616BB0A00751685 /* EditAbsenceTableViewController.m in Sources */,
				F6A7C6E8161951AA006BC440 /* AbsenceTypeTableViewController.m in Sources */,
				F6A7C742161B51CC006BC440 /* AbsenceSummaryViewController.m in Sources */,
				F6A7C748161BB786006BC440 /* AbsenceSummaryMainController.m in Sources */,
			);
			runOnlyForDeploymentPostprocessing = 0;
		};
/* End PBXSourcesBuildPhase section */

/* Begin PBXVariantGroup section */
		78C986801610FE5D00A2F770 /* InfoPlist.strings */ = {
			isa = PBXVariantGroup;
			children = (
				78C986811610FE5D00A2F770 /* en */,
			);
			name = InfoPlist.strings;
			sourceTree = "<group>";
		};
		78C9868F1610FE5D00A2F770 /* MasterViewController.xib */ = {
			isa = PBXVariantGroup;
			children = (
				78C986901610FE5D00A2F770 /* en */,
			);
			name = MasterViewController.xib;
			sourceTree = "<group>";
		};
/* End PBXVariantGroup section */

/* Begin XCBuildConfiguration section */
		78C986951610FE5D00A2F770 /* Debug */ = {
			isa = XCBuildConfiguration;
			buildSettings = {
				ALWAYS_SEARCH_USER_PATHS = NO;
				ARCHS = "$(ARCHS_STANDARD_32_BIT)";
				CLANG_ENABLE_OBJC_ARC = YES;
				"CODE_SIGN_IDENTITY[sdk=iphoneos*]" = "iPhone Developer";
				COPY_PHASE_STRIP = NO;
				GCC_C_LANGUAGE_STANDARD = gnu99;
				GCC_DYNAMIC_NO_PIC = NO;
				GCC_OPTIMIZATION_LEVEL = 0;
				GCC_PREPROCESSOR_DEFINITIONS = (
					"DEBUG=1",
					"$(inherited)",
				);
				GCC_SYMBOLS_PRIVATE_EXTERN = NO;
				GCC_VERSION = com.apple.compilers.llvm.clang.1_0;
				GCC_WARN_ABOUT_MISSING_PROTOTYPES = YES;
				GCC_WARN_ABOUT_RETURN_TYPE = YES;
				GCC_WARN_UNUSED_VARIABLE = YES;
				IPHONEOS_DEPLOYMENT_TARGET = 5.0;
				SDKROOT = iphoneos;
			};
			name = Debug;
		};
		78C986961610FE5D00A2F770 /* Release */ = {
			isa = XCBuildConfiguration;
			buildSettings = {
				ALWAYS_SEARCH_USER_PATHS = NO;
				ARCHS = "$(ARCHS_STANDARD_32_BIT)";
				CLANG_ENABLE_OBJC_ARC = YES;
				"CODE_SIGN_IDENTITY[sdk=iphoneos*]" = "iPhone Developer";
				COPY_PHASE_STRIP = YES;
				GCC_C_LANGUAGE_STANDARD = gnu99;
				GCC_VERSION = com.apple.compilers.llvm.clang.1_0;
				GCC_WARN_ABOUT_MISSING_PROTOTYPES = YES;
				GCC_WARN_ABOUT_RETURN_TYPE = YES;
				GCC_WARN_UNUSED_VARIABLE = YES;
				IPHONEOS_DEPLOYMENT_TARGET = 5.0;
				OTHER_CFLAGS = "-DNS_BLOCK_ASSERTIONS=1";
				SDKROOT = iphoneos;
				VALIDATE_PRODUCT = YES;
			};
			name = Release;
		};
		78C986981610FE5D00A2F770 /* Debug */ = {
			isa = XCBuildConfiguration;
			buildSettings = {
				ALWAYS_SEARCH_USER_PATHS = YES;
				GCC_PRECOMPILE_PREFIX_HEADER = YES;
				GCC_PREFIX_HEADER = "Exempt Timesheet/Exempt Timesheet-Prefix.pch";
				INFOPLIST_FILE = "Exempt Timesheet/Exempt Timesheet-Info.plist";
				PRODUCT_NAME = "Time Tracking";
				USER_HEADER_SEARCH_PATHS = ../iOSPorts/include;
				WRAPPER_EXTENSION = app;
			};
			name = Debug;
		};
		78C986991610FE5D00A2F770 /* Release */ = {
			isa = XCBuildConfiguration;
			buildSettings = {
				ALWAYS_SEARCH_USER_PATHS = YES;
				GCC_PRECOMPILE_PREFIX_HEADER = YES;
				GCC_PREFIX_HEADER = "Exempt Timesheet/Exempt Timesheet-Prefix.pch";
				INFOPLIST_FILE = "Exempt Timesheet/Exempt Timesheet-Info.plist";
				PRODUCT_NAME = "Time Tracking";
				USER_HEADER_SEARCH_PATHS = ../iOSPorts/include;
				WRAPPER_EXTENSION = app;
			};
			name = Release;
		};
/* End XCBuildConfiguration section */

/* Begin XCConfigurationList section */
		78C9866F1610FE5D00A2F770 /* Build configuration list for PBXProject "Exempt Timesheet" */ = {
			isa = XCConfigurationList;
			buildConfigurations = (
				78C986951610FE5D00A2F770 /* Debug */,
				78C986961610FE5D00A2F770 /* Release */,
			);
			defaultConfigurationIsVisible = 0;
			defaultConfigurationName = Release;
		};
		78C986971610FE5D00A2F770 /* Build configuration list for PBXNativeTarget "Exempt Timesheet" */ = {
			isa = XCConfigurationList;
			buildConfigurations = (
				78C986981610FE5D00A2F770 /* Debug */,
				78C986991610FE5D00A2F770 /* Release */,
			);
			defaultConfigurationIsVisible = 0;
			defaultConfigurationName = Release;
		};
/* End XCConfigurationList section */
	};
	rootObject = 78C9866C1610FE5D00A2F770 /* Project object */;
}
